
Microsoft Visual Studio Solution File, Format Version 12.00
# Visual Studio Version 17
VisualStudioVersion = 17.2.32630.192
MinimumVisualStudioVersion = 10.0.40219.1
Project("{2150E333-8FDC-42A3-9474-1A3956D46DE8}") = "Solution Items", "Solution Items", "{C4563C88-9C80-4BD0-949E-AA64F111957E}"
	ProjectSection(SolutionItems) = preProject
		README.md = README.md
	EndProjectSection
EndProject
Project("{2150E333-8FDC-42A3-9474-1A3956D46DE8}") = "nuget", "nuget", "{8FE1844F-26A4-47BE-9507-F0333D42FABE}"
	ProjectSection(SolutionItems) = preProject
		nuget\myget.bat = nuget\myget.bat
		nuget\nuget.bat = nuget\nuget.bat
		nuget\Transformalize.Provider.SqlServer.Autofac.nuspec = nuget\Transformalize.Provider.SqlServer.Autofac.nuspec
		nuget\Transformalize.Provider.SqlServer.nuspec = nuget\Transformalize.Provider.SqlServer.nuspec
	EndProjectSection
EndProject
Project("{2150E333-8FDC-42A3-9474-1A3956D46DE8}") = "cfg", "cfg", "{B0BC2A9C-9618-4E64-8DC5-2B8599A13BB7}"
	ProjectSection(SolutionItems) = preProject
		cfg\read-me-read.xml = cfg\read-me-read.xml
		cfg\read-me-write.xml = cfg\read-me-write.xml
	EndProjectSection
EndProject
Project("{9A19103F-16F7-4668-BE54-9A1E7A4F7556}") = "Transformalize.Provider.SqlServer", "src\Transformalize.Provider.SqlServer\Transformalize.Provider.SqlServer.csproj", "{3C6C3AD9-FE46-401A-A0EC-0221C33C9994}"
EndProject
Project("{9A19103F-16F7-4668-BE54-9A1E7A4F7556}") = "Transformalize.Provider.SqlServer.Autofac", "src\Transformalize.Provider.SqlServer.Autofac\Transformalize.Provider.SqlServer.Autofac.csproj", "{CF63A31C-7ACF-48DD-918D-A1460BEB9A8C}"
EndProject
Project("{9A19103F-16F7-4668-BE54-9A1E7A4F7556}") = "Test", "src\Test\Test.csproj", "{1CDEB8CB-6602-486F-A50E-CB1FBDA0C6BD}"
EndProject
Global
	GlobalSection(SolutionConfigurationPlatforms) = preSolution
		Debug|Any CPU = Debug|Any CPU
		Release|Any CPU = Release|Any CPU
	EndGlobalSection
	GlobalSection(ProjectConfigurationPlatforms) = postSolution
		{3C6C3AD9-FE46-401A-A0EC-0221C33C9994}.Debug|Any CPU.ActiveCfg = Debug|Any CPU
		{3C6C3AD9-FE46-401A-A0EC-0221C33C9994}.Debug|Any CPU.Build.0 = Debug|Any CPU
		{3C6C3AD9-FE46-401A-A0EC-0221C33C9994}.Release|Any CPU.ActiveCfg = Release|Any CPU
		{3C6C3AD9-FE46-401A-A0EC-0221C33C9994}.Release|Any CPU.Build.0 = Release|Any CPU
		{CF63A31C-7ACF-48DD-918D-A1460BEB9A8C}.Debug|Any CPU.ActiveCfg = Debug|Any CPU
		{CF63A31C-7ACF-48DD-918D-A1460BEB9A8C}.Debug|Any CPU.Build.0 = Debug|Any CPU
		{CF63A31C-7ACF-48DD-918D-A1460BEB9A8C}.Release|Any CPU.ActiveCfg = Release|Any CPU
		{CF63A31C-7ACF-48DD-918D-A1460BEB9A8C}.Release|Any CPU.Build.0 = Release|Any CPU
		{1CDEB8CB-6602-486F-A50E-CB1FBDA0C6BD}.Debug|Any CPU.ActiveCfg = Debug|Any CPU
		{1CDEB8CB-6602-486F-A50E-CB1FBDA0C6BD}.Debug|Any CPU.Build.0 = Debug|Any CPU
		{1CDEB8CB-6602-486F-A50E-CB1FBDA0C6BD}.Release|Any CPU.ActiveCfg = Release|Any CPU
		{1CDEB8CB-6602-486F-A50E-CB1FBDA0C6BD}.Release|Any CPU.Build.0 = Release|Any CPU
	EndGlobalSection
	GlobalSection(SolutionProperties) = preSolution
		HideSolutionNode = FALSE
	EndGlobalSection
	GlobalSection(NestedProjects) = preSolution
		{8FE1844F-26A4-47BE-9507-F0333D42FABE} = {C4563C88-9C80-4BD0-949E-AA64F111957E}
		{B0BC2A9C-9618-4E64-8DC5-2B8599A13BB7} = {C4563C88-9C80-4BD0-949E-AA64F111957E}
	EndGlobalSection
	GlobalSection(ExtensibilityGlobals) = postSolution
		SolutionGuid = {960FC2FA-8CAD-47A3-8A4E-4173AE406E71}
	EndGlobalSection
EndGlobal
